
Microsoft Visual Studio Solution File, Format Version 12.00
# Visual Studio Version 17
VisualStudioVersion = 17.10.35013.160
MinimumVisualStudioVersion = 10.0.40219.1
Project("{FAE04EC0-301F-11D3-BF4B-00C04F79EFBC}") = "Hlaskovac", "Hlaskovac\Hlaskovac.csproj", "{880081F9-4A71-4D5E-87DB-D978B1865C69}"
EndProject
Global
	GlobalSection(SolutionConfigurationPlatforms) = preSolution
		Debug|Any CPU = Debug|Any CPU
		Release|Any CPU = Release|Any CPU
	EndGlobalSection
	GlobalSection(ProjectConfigurationPlatforms) = postSolution
		{880081F9-4A71-4D5E-87DB-D978B1865C69}.Debug|Any CPU.ActiveCfg = Debug|Any CPU
		{880081F9-4A71-4D5E-87DB-D978B1865C69}.Debug|Any CPU.Build.0 = Debug|Any CPU
		{880081F9-4A71-4D5E-87DB-D978B1865C69}.Release|Any CPU.ActiveCfg = Release|Any CPU
		{880081F9-4A71-4D5E-87DB-D978B1865C69}.Release|Any CPU.Build.0 = Release|Any CPU
	EndGlobalSection
	GlobalSection(SolutionProperties) = preSolution
		HideSolutionNode = FALSE
	EndGlobalSection
	GlobalSection(ExtensibilityGlobals) = postSolution
		SolutionGuid = {F6437009-991E-40BE-9E1F-2909E7C7242F}
	EndGlobalSection
EndGlobal
